{
  "name": "htsget-deploy-aws",
  "version": "0.9.3",
  "lockfileVersion": 3,
  "requires": true,
  "packages": {
    "": {
      "name": "htsget-deploy-aws",
      "version": "0.9.3",
      "license": "MIT",
      "dependencies": {
        "cargo-lambda-cdk": "^0.0.33"
      },
      "bin": {
        "htsget_app": "bin/htsget-lambda.js"
      },
      "devDependencies": {
        "@eslint/js": "^9.33.0",
        "@types/node": "^24.2.1",
        "aws-cdk": "2.112.0",
        "aws-cdk-lib": "^2.210.0",
        "constructs": "10.4.2",
        "eslint": "^9.33.0",
        "prettier": "^3.6.2",
        "typedoc": "^0.28.10",
        "typedoc-plugin-markdown": "^4.8.1",
        "typescript": "5.8.3",
        "typescript-eslint": "^8.39.1",
        "wrangler": "^4.28.1"
      },
      "peerDependencies": {
        "aws-cdk-lib": "^2.112.0"
      }
    },
    "../node_modules/.pnpm/@eslint+js@9.33.0/node_modules/@eslint/js": {
      "version": "9.33.0",
      "dev": true,
      "license": "MIT",
      "engines": {
        "node": "^18.18.0 || ^20.9.0 || >=21.1.0"
      },
      "funding": {
        "url": "https://eslint.org/donate"
      }
    },
    "../node_modules/.pnpm/@types+node@24.2.1/node_modules/@types/node": {
      "version": "24.2.1",
      "dev": true,
      "license": "MIT",
      "dependencies": {
        "undici-types": "~7.10.0"
      }
    },
    "../node_modules/.pnpm/aws-cdk@2.112.0/node_modules/aws-cdk": {
      "version": "2.112.0",
      "dev": true,
      "license": "Apache-2.0",
      "bin": {
        "cdk": "bin/cdk"
      },
      "devDependencies": {
        "@aws-cdk/cdk-build-tools": "2.112.0-alpha.0",
        "@aws-cdk/cloud-assembly-schema": "2.112.0",
        "@aws-cdk/cloudformation-diff": "2.112.0",
        "@aws-cdk/cx-api": "2.112.0",
        "@aws-cdk/pkglint": "2.112.0-alpha.0",
        "@aws-cdk/region-info": "2.112.0",
        "@jsii/check-node": "1.92.0",
        "@octokit/rest": "^18.12.0",
        "@types/archiver": "^5.3.4",
        "@types/fs-extra": "^9.0.13",
        "@types/glob": "^7.2.0",
        "@types/jest": "^29.5.8",
        "@types/mockery": "^1.4.33",
        "@types/promptly": "^3.0.5",
        "@types/semver": "^7.5.5",
        "@types/sinon": "^9.0.11",
        "@types/source-map-support": "^0.5.10",
        "@types/table": "^6.0.0",
        "@types/uuid": "^8.3.4",
        "@types/wrap-ansi": "^3.0.0",
        "@types/yargs": "^15.0.18",
        "archiver": "^5.3.2",
        "aws-cdk-lib": "2.112.0",
        "aws-sdk": "^2.1498.0",
        "aws-sdk-mock": "5.6.0",
        "axios": "^1.6.2",
        "camelcase": "^6.3.0",
        "cdk-assets": "2.112.0",
        "cdk-from-cfn": "^0.69.0",
        "chalk": "^4",
        "chokidar": "^3.5.3",
        "constructs": "^10.0.0",
        "decamelize": "^5.0.1",
        "fast-check": "^3.13.2",
        "fs-extra": "^9.1.0",
        "glob": "^7.2.3",
        "jest": "^29.7.0",
        "jest-mock": "^29.7.0",
        "json-diff": "^0.10.0",
        "madge": "^5.0.2",
        "make-runnable": "^1.4.1",
        "minimatch": "^9.0.3",
        "nock": "^13.3.8",
        "promptly": "^3.2.0",
        "proxy-agent": "^6.3.1",
        "semver": "^7.5.4",
        "sinon": "^9.2.4",
        "source-map-support": "^0.5.21",
        "strip-ansi": "^6.0.1",
        "table": "^6.8.1",
        "ts-jest": "^29.1.1",
        "ts-mock-imports": "^1.3.8",
        "uuid": "^8.3.2",
        "wrap-ansi": "^7.0.0",
        "xml-js": "^1.6.11",
        "yaml": "1.10.2",
        "yargs": "^16.2.0"
      },
      "engines": {
        "node": ">= 14.15.0"
      },
      "optionalDependencies": {
        "fsevents": "2.3.2"
      }
    },
    "../node_modules/.pnpm/constructs@10.4.2/node_modules/constructs": {
      "version": "10.4.2",
      "license": "Apache-2.0",
      "devDependencies": {
        "@types/jest": "^29",
        "@types/node": "^18",
        "@typescript-eslint/eslint-plugin": "^7",
        "@typescript-eslint/parser": "^7",
        "cdklabs-projen-project-types": "^0.1.204",
        "commit-and-tag-version": "^12",
        "eslint": "^8",
        "eslint-import-resolver-typescript": "^3.6.3",
        "eslint-plugin-import": "^2.31.0",
        "jest": "^29",
        "jest-junit": "^15",
        "jsii": "5.4.x",
        "jsii-diff": "^1.104.0",
        "jsii-docgen": "^10.5.0",
        "jsii-pacmak": "1.102.0",
        "jsii-rosetta": "5.4.x",
        "projen": "^0.87.4",
        "ts-jest": "^29",
        "ts-node": "^10.9.2",
        "typescript": "5.4.x"
      }
    },
    "../node_modules/.pnpm/eslint@9.33.0/node_modules/eslint": {
      "version": "9.33.0",
      "dev": true,
      "license": "MIT",
      "dependencies": {
        "@eslint-community/eslint-utils": "^4.2.0",
        "@eslint-community/regexpp": "^4.12.1",
        "@eslint/config-array": "^0.21.0",
        "@eslint/config-helpers": "^0.3.1",
        "@eslint/core": "^0.15.2",
        "@eslint/eslintrc": "^3.3.1",
        "@eslint/js": "9.33.0",
        "@eslint/plugin-kit": "^0.3.5",
        "@humanfs/node": "^0.16.6",
        "@humanwhocodes/module-importer": "^1.0.1",
        "@humanwhocodes/retry": "^0.4.2",
        "@types/estree": "^1.0.6",
        "@types/json-schema": "^7.0.15",
        "ajv": "^6.12.4",
        "chalk": "^4.0.0",
        "cross-spawn": "^7.0.6",
        "debug": "^4.3.2",
        "escape-string-regexp": "^4.0.0",
        "eslint-scope": "^8.4.0",
        "eslint-visitor-keys": "^4.2.1",
        "espree": "^10.4.0",
        "esquery": "^1.5.0",
        "esutils": "^2.0.2",
        "fast-deep-equal": "^3.1.3",
        "file-entry-cache": "^8.0.0",
        "find-up": "^5.0.0",
        "glob-parent": "^6.0.2",
        "ignore": "^5.2.0",
        "imurmurhash": "^0.1.4",
        "is-glob": "^4.0.0",
        "json-stable-stringify-without-jsonify": "^1.0.1",
        "lodash.merge": "^4.6.2",
        "minimatch": "^3.1.2",
        "natural-compare": "^1.4.0",
        "optionator": "^0.9.3"
      },
      "bin": {
        "eslint": "bin/eslint.js"
      },
      "devDependencies": {
        "@arethetypeswrong/cli": "^0.18.0",
        "@babel/core": "^7.4.3",
        "@babel/preset-env": "^7.4.3",
        "@cypress/webpack-preprocessor": "^6.0.2",
        "@eslint/json": "^0.13.0",
        "@trunkio/launcher": "^1.3.4",
        "@types/esquery": "^1.5.4",
        "@types/node": "^22.13.14",
        "@typescript-eslint/parser": "^8.4.0",
        "babel-loader": "^8.0.5",
        "c8": "^7.12.0",
        "chai": "^4.0.1",
        "cheerio": "^0.22.0",
        "common-tags": "^1.8.0",
        "core-js": "^3.1.3",
        "cypress": "^14.1.0",
        "ejs": "^3.0.2",
        "eslint": "file:.",
        "eslint-config-eslint": "file:packages/eslint-config-eslint",
        "eslint-plugin-eslint-plugin": "^6.0.0",
        "eslint-plugin-expect-type": "^0.6.0",
        "eslint-plugin-yml": "^1.14.0",
        "eslint-release": "^3.3.0",
        "eslint-rule-composer": "^0.3.0",
        "eslump": "^3.0.0",
        "esprima": "^4.0.1",
        "fast-glob": "^3.2.11",
        "fs-teardown": "^0.1.3",
        "glob": "^10.0.0",
        "globals": "^16.2.0",
        "got": "^11.8.3",
        "gray-matter": "^4.0.3",
        "jiti": "^2.5.1",
        "jiti-v2.0": "npm:jiti@2.0.x",
        "jiti-v2.1": "npm:jiti@2.1.x",
        "knip": "^5.60.2",
        "lint-staged": "^11.0.0",
        "markdown-it": "^12.2.0",
        "markdown-it-container": "^3.0.0",
        "marked": "^4.0.8",
        "metascraper": "^5.25.7",
        "metascraper-description": "^5.25.7",
        "metascraper-image": "^5.29.3",
        "metascraper-logo": "^5.25.7",
        "metascraper-logo-favicon": "^5.25.7",
        "metascraper-title": "^5.25.7",
        "mocha": "^11.7.1",
        "node-polyfill-webpack-plugin": "^1.0.3",
        "npm-license": "^0.3.3",
        "pirates": "^4.0.5",
        "progress": "^2.0.3",
        "proxyquire": "^2.0.1",
        "recast": "^0.23.0",
        "regenerator-runtime": "^0.14.0",
        "semver": "^7.5.3",
        "shelljs": "^0.10.0",
        "sinon": "^11.0.0",
        "typescript": "^5.3.3",
        "webpack": "^5.23.0",
        "webpack-cli": "^4.5.0",
        "yorkie": "^2.0.0"
      },
      "engines": {
        "node": "^18.18.0 || ^20.9.0 || >=21.1.0"
      },
      "funding": {
        "url": "https://eslint.org/donate"
      },
      "peerDependencies": {
        "jiti": "*"
      },
      "peerDependenciesMeta": {
        "jiti": {
          "optional": true
        }
      }
    },
    "../node_modules/.pnpm/prettier@3.6.2/node_modules/prettier": {
      "version": "3.6.2",
      "dev": true,
      "license": "MIT",
      "bin": {
        "prettier": "bin/prettier.cjs"
      },
      "engines": {
        "node": ">=14"
      },
      "funding": {
        "url": "https://github.com/prettier/prettier?sponsor=1"
      }
    },
    "../node_modules/.pnpm/typedoc-plugin-markdown@4.8.1_typedoc@0.28.10/node_modules/typedoc-plugin-markdown": {
      "version": "4.8.1",
      "dev": true,
      "license": "MIT",
      "engines": {
        "node": ">= 18"
      },
      "peerDependencies": {
        "typedoc": "0.28.x"
      }
    },
    "../node_modules/.pnpm/typedoc@0.28.10_typescript@5.8.3/node_modules/typedoc": {
      "version": "0.28.10",
      "dev": true,
      "license": "Apache-2.0",
      "dependencies": {
        "@gerrit0/mini-shiki": "^3.9.0",
        "lunr": "^2.3.9",
        "markdown-it": "^14.1.0",
        "minimatch": "^9.0.5",
        "yaml": "^2.8.0"
      },
      "bin": {
        "typedoc": "bin/typedoc"
      },
      "devDependencies": {
        "@eslint/js": "^9.32.0",
        "@types/lunr": "^2.3.7",
        "@types/markdown-it": "^14.1.2",
        "@types/mocha": "^10.0.10",
        "@types/node": "18",
        "@typestrong/fs-fixture-builder": "github:TypeStrong/fs-fixture-builder#34113409e3a171e68ce5e2b55461ef5c35591cfe",
        "c8": "^10.1.3",
        "dprint": "^0.50.1",
        "esbuild": "^0.25.8",
        "eslint": "^9.32.0",
        "mocha": "^11.7.1",
        "puppeteer": "^24.11.1",
        "semver": "^7.7.2",
        "tsx": "^4.20.3",
        "typescript": "5.9.2",
        "typescript-eslint": "^8.38.0"
      },
      "engines": {
        "node": ">= 18",
        "pnpm": ">= 10"
      },
      "peerDependencies": {
        "typescript": "5.0.x || 5.1.x || 5.2.x || 5.3.x || 5.4.x || 5.5.x || 5.6.x || 5.7.x || 5.8.x || 5.9.x"
      }
    },
    "../node_modules/.pnpm/typescript-eslint@8.39.1_eslint@9.33.0_typescript@5.8.3/node_modules/typescript-eslint": {
      "version": "8.39.1",
      "dev": true,
      "license": "MIT",
      "dependencies": {
        "@typescript-eslint/eslint-plugin": "8.39.1",
        "@typescript-eslint/parser": "8.39.1",
        "@typescript-eslint/typescript-estree": "8.39.1",
        "@typescript-eslint/utils": "8.39.1"
      },
      "devDependencies": {
        "@vitest/coverage-v8": "^3.1.3",
        "eslint": "*",
        "rimraf": "*",
        "typescript": "*",
        "vitest": "^3.1.3"
      },
      "engines": {
        "node": "^18.18.0 || ^20.9.0 || >=21.1.0"
      },
      "funding": {
        "type": "opencollective",
        "url": "https://opencollective.com/typescript-eslint"
      },
      "peerDependencies": {
        "eslint": "^8.57.0 || ^9.0.0",
        "typescript": ">=4.8.4 <6.0.0"
      }
    },
    "../node_modules/.pnpm/typescript@5.8.3/node_modules/typescript": {
      "version": "5.8.3",
      "dev": true,
      "license": "Apache-2.0",
      "bin": {
        "tsc": "bin/tsc",
        "tsserver": "bin/tsserver"
      },
      "devDependencies": {
        "@dprint/formatter": "^0.4.1",
        "@dprint/typescript": "0.93.3",
        "@esfx/canceltoken": "^1.0.0",
        "@eslint/js": "^9.17.0",
        "@octokit/rest": "^21.0.2",
        "@types/chai": "^4.3.20",
        "@types/diff": "^5.2.3",
        "@types/minimist": "^1.2.5",
        "@types/mocha": "^10.0.10",
        "@types/ms": "^0.7.34",
        "@types/node": "latest",
        "@types/source-map-support": "^0.5.10",
        "@types/which": "^3.0.4",
        "@typescript-eslint/rule-tester": "^8.18.1",
        "@typescript-eslint/type-utils": "^8.18.1",
        "@typescript-eslint/utils": "^8.18.1",
        "azure-devops-node-api": "^14.1.0",
        "c8": "^10.1.3",
        "chai": "^4.5.0",
        "chalk": "^4.1.2",
        "chokidar": "^3.6.0",
        "diff": "^5.2.0",
        "dprint": "^0.47.6",
        "esbuild": "^0.24.0",
        "eslint": "^9.17.0",
        "eslint-formatter-autolinkable-stylish": "^1.4.0",
        "eslint-plugin-regexp": "^2.7.0",
        "fast-xml-parser": "^4.5.1",
        "glob": "^10.4.5",
        "globals": "^15.13.0",
        "hereby": "^1.10.0",
        "jsonc-parser": "^3.3.1",
        "knip": "^5.41.0",
        "minimist": "^1.2.8",
        "mocha": "^10.8.2",
        "mocha-fivemat-progress-reporter": "^0.1.0",
        "monocart-coverage-reports": "^2.11.4",
        "ms": "^2.1.3",
        "playwright": "^1.49.1",
        "source-map-support": "^0.5.21",
        "tslib": "^2.8.1",
        "typescript": "^5.7.2",
        "typescript-eslint": "^8.18.1",
        "which": "^3.0.1"
      },
      "engines": {
        "node": ">=14.17"
      }
    },
    "../node_modules/.pnpm/wrangler@4.28.1/node_modules/wrangler": {
      "version": "4.28.1",
      "dev": true,
      "license": "MIT OR Apache-2.0",
      "dependencies": {
        "@cloudflare/kv-asset-handler": "0.4.0",
        "@cloudflare/unenv-preset": "2.6.0",
        "blake3-wasm": "2.1.5",
        "esbuild": "0.25.4",
        "miniflare": "4.20250803.0",
        "path-to-regexp": "6.3.0",
        "unenv": "2.0.0-rc.19",
        "workerd": "1.20250803.0"
      },
      "bin": {
        "wrangler": "bin/wrangler.js",
        "wrangler2": "bin/wrangler.js"
      },
      "devDependencies": {
        "@aws-sdk/client-s3": "^3.721.0",
        "@cloudflare/cli": "1.1.1",
        "@cloudflare/containers-shared": "0.2.8",
        "@cloudflare/eslint-config-worker": "1.1.0",
        "@cloudflare/pages-shared": "^0.13.60",
        "@cloudflare/types": "6.18.4",
        "@cloudflare/workers-shared": "0.18.5",
        "@cloudflare/workers-tsconfig": "0.0.0",
        "@cloudflare/workers-types": "^4.20250803.0",
        "@cspotcode/source-map-support": "0.8.1",
        "@iarna/toml": "^3.0.0",
        "@sentry/node": "^7.86.0",
        "@sentry/types": "^7.86.0",
        "@sentry/utils": "^7.86.0",
        "@types/command-exists": "^1.2.0",
        "@types/glob-to-regexp": "^0.4.1",
        "@types/is-ci": "^3.0.0",
        "@types/javascript-time-ago": "^2.0.3",
        "@types/mime": "^3.0.4",
        "@types/minimatch": "^5.1.2",
        "@types/node": "^20.19.9",
        "@types/node-forge": "^1.3.11",
        "@types/prompts": "^2.0.14",
        "@types/resolve": "^1.20.6",
        "@types/shell-quote": "^1.7.2",
        "@types/signal-exit": "^3.0.1",
        "@types/supports-color": "^8.1.1",
        "@types/ws": "^8.5.7",
        "@types/yargs": "^17.0.22",
        "@vitest/ui": "~3.2.0",
        "@webcontainer/env": "^1.1.0",
        "chalk": "^5.2.0",
        "chokidar": "^4.0.1",
        "cli-table3": "^0.6.3",
        "cmd-shim": "^4.1.0",
        "command-exists": "^1.2.9",
        "concurrently": "^8.2.2",
        "date-fns": "^4.1.0",
        "devtools-protocol": "^0.0.1182435",
        "dotenv": "^16.3.1",
        "dotenv-expand": "^12.0.2",
        "execa": "^6.1.0",
        "find-up": "^6.3.0",
        "get-port": "^7.0.0",
        "glob-to-regexp": "^0.4.1",
        "https-proxy-agent": "7.0.2",
        "is-ci": "^3.0.1",
        "itty-time": "^1.0.6",
        "javascript-time-ago": "^2.5.4",
        "md5-file": "5.0.0",
        "mime": "^3.0.0",
        "minimatch": "^5.1.0",
        "mock-socket": "^9.3.1",
        "msw": "2.4.3",
        "node-forge": "^1.3.1",
        "open": "^8.4.0",
        "p-queue": "^7.2.0",
        "patch-console": "^1.0.0",
        "pretty-bytes": "^6.0.0",
        "prompts": "^2.4.2",
        "resolve": "^1.22.8",
        "rimraf": "^6.0.1",
        "selfsigned": "^2.0.1",
        "semiver": "^1.1.0",
        "shell-quote": "^1.8.1",
        "signal-exit": "^3.0.7",
        "source-map": "^0.6.1",
        "strip-ansi": "^7.1.0",
        "supports-color": "^9.2.2",
        "timeago.js": "^4.0.2",
        "ts-dedent": "^2.2.0",
        "ts-json-schema-generator": "^1.5.0",
        "tsup": "8.3.0",
        "typescript": "^5.8.3",
        "undici": "^7.10.0",
        "update-check": "^1.5.4",
        "vitest": "~3.2.0",
        "vitest-websocket-mock": "^0.4.0",
        "ws": "8.18.0",
        "xdg-app-paths": "^8.3.0",
        "xxhash-wasm": "^1.0.1",
        "yargs": "^17.7.2"
      },
      "engines": {
        "node": ">=18.0.0"
      },
      "optionalDependencies": {
        "fsevents": "~2.3.2"
      },
      "peerDependencies": {
        "@cloudflare/workers-types": "^4.20250803.0"
      },
      "peerDependenciesMeta": {
        "@cloudflare/workers-types": {
          "optional": true
        }
      }
    },
    "node_modules/@aws-cdk/asset-awscli-v1": {
      "version": "2.2.242",
      "resolved": "https://registry.npmjs.org/@aws-cdk/asset-awscli-v1/-/asset-awscli-v1-2.2.242.tgz",
      "integrity": "sha512-4c1bAy2ISzcdKXYS1k4HYZsNrgiwbiDzj36ybwFVxEWZXVAP0dimQTCaB9fxu7sWzEjw3d+eaw6Fon+QTfTIpQ==",
      "license": "Apache-2.0"
    },
    "node_modules/@aws-cdk/asset-node-proxy-agent-v6": {
      "version": "2.1.0",
      "resolved": "https://registry.npmjs.org/@aws-cdk/asset-node-proxy-agent-v6/-/asset-node-proxy-agent-v6-2.1.0.tgz",
      "integrity": "sha512-7bY3J8GCVxLupn/kNmpPc5VJz8grx+4RKfnnJiO1LG+uxkZfANZG3RMHhE+qQxxwkyQ9/MfPtTpf748UhR425A==",
      "license": "Apache-2.0"
    },
    "node_modules/@aws-cdk/cloud-assembly-schema": {
      "version": "48.3.0",
      "resolved": "https://registry.npmjs.org/@aws-cdk/cloud-assembly-schema/-/cloud-assembly-schema-48.3.0.tgz",
      "integrity": "sha512-6R7aMNXeVnXGMOXgspwMmpVi1rmgRReGKYt7yl22ZKNZN/whJqdnV2C6O2CI2lnj5Th/SlgQWsuEQOMM3TI5RQ==",
      "bundleDependencies": [
        "jsonschema",
        "semver"
      ],
      "license": "Apache-2.0",
      "dependencies": {
        "jsonschema": "~1.4.1",
        "semver": "^7.7.2"
      },
      "engines": {
        "node": ">= 18.0.0"
      }
    },
    "node_modules/@aws-cdk/cloud-assembly-schema/node_modules/jsonschema": {
      "version": "1.4.1",
      "inBundle": true,
      "license": "MIT",
      "engines": {
        "node": "*"
      }
    },
    "node_modules/@aws-cdk/cloud-assembly-schema/node_modules/semver": {
      "version": "7.7.2",
      "inBundle": true,
      "license": "ISC",
      "bin": {
        "semver": "bin/semver.js"
      },
      "engines": {
        "node": ">=10"
      }
    },
    "node_modules/@eslint/js": {
      "resolved": "../node_modules/.pnpm/@eslint+js@9.33.0/node_modules/@eslint/js",
      "link": true
    },
    "node_modules/@types/node": {
      "resolved": "../node_modules/.pnpm/@types+node@24.2.1/node_modules/@types/node",
      "link": true
    },
    "node_modules/aws-cdk": {
      "resolved": "../node_modules/.pnpm/aws-cdk@2.112.0/node_modules/aws-cdk",
      "link": true
    },
    "node_modules/aws-cdk-lib": {
      "version": "2.210.0",
      "resolved": "https://registry.npmjs.org/aws-cdk-lib/-/aws-cdk-lib-2.210.0.tgz",
      "integrity": "sha512-TSXaZLHKak1bk144PblhqBHZwyh9lvlN2yM4g52aR/HCuxlw2nkn+eupjuOtiNe0JJFwSudvO/qke65dN2WlEg==",
      "bundleDependencies": [
        "@balena/dockerignore",
        "case",
        "fs-extra",
        "ignore",
        "jsonschema",
        "minimatch",
        "punycode",
        "semver",
        "table",
        "yaml",
        "mime-types"
      ],
      "license": "Apache-2.0",
      "dependencies": {
        "@aws-cdk/asset-awscli-v1": "2.2.242",
        "@aws-cdk/asset-node-proxy-agent-v6": "^2.1.0",
        "@aws-cdk/cloud-assembly-schema": "^48.2.0",
        "@balena/dockerignore": "^1.0.2",
        "case": "1.6.3",
        "fs-extra": "^11.3.0",
        "ignore": "^5.3.2",
        "jsonschema": "^1.5.0",
        "mime-types": "^2.1.35",
        "minimatch": "^3.1.2",
        "punycode": "^2.3.1",
        "semver": "^7.7.2",
        "table": "^6.9.0",
        "yaml": "1.10.2"
      },
      "engines": {
        "node": ">= 18.0.0"
      },
      "peerDependencies": {
        "constructs": "^10.0.0"
      }
    },
    "node_modules/aws-cdk-lib/node_modules/@balena/dockerignore": {
      "version": "1.0.2",
      "inBundle": true,
      "license": "Apache-2.0"
    },
    "node_modules/aws-cdk-lib/node_modules/ajv": {
      "version": "8.17.1",
      "inBundle": true,
      "license": "MIT",
      "dependencies": {
        "fast-deep-equal": "^3.1.3",
        "fast-uri": "^3.0.1",
        "json-schema-traverse": "^1.0.0",
        "require-from-string": "^2.0.2"
      },
      "funding": {
        "type": "github",
        "url": "https://github.com/sponsors/epoberezkin"
      }
    },
    "node_modules/aws-cdk-lib/node_modules/ansi-regex": {
      "version": "5.0.1",
      "inBundle": true,
      "license": "MIT",
      "engines": {
        "node": ">=8"
      }
    },
    "node_modules/aws-cdk-lib/node_modules/ansi-styles": {
      "version": "4.3.0",
      "inBundle": true,
      "license": "MIT",
      "dependencies": {
        "color-convert": "^2.0.1"
      },
      "engines": {
        "node": ">=8"
      },
      "funding": {
        "url": "https://github.com/chalk/ansi-styles?sponsor=1"
      }
    },
    "node_modules/aws-cdk-lib/node_modules/astral-regex": {
      "version": "2.0.0",
      "inBundle": true,
      "license": "MIT",
      "engines": {
        "node": ">=8"
      }
    },
    "node_modules/aws-cdk-lib/node_modules/balanced-match": {
      "version": "1.0.2",
      "inBundle": true,
      "license": "MIT"
    },
    "node_modules/aws-cdk-lib/node_modules/brace-expansion": {
      "version": "1.1.12",
      "inBundle": true,
      "license": "MIT",
      "dependencies": {
        "balanced-match": "^1.0.0",
        "concat-map": "0.0.1"
      }
    },
    "node_modules/aws-cdk-lib/node_modules/case": {
      "version": "1.6.3",
      "inBundle": true,
      "license": "(MIT OR GPL-3.0-or-later)",
      "engines": {
        "node": ">= 0.8.0"
      }
    },
    "node_modules/aws-cdk-lib/node_modules/color-convert": {
      "version": "2.0.1",
      "inBundle": true,
      "license": "MIT",
      "dependencies": {
        "color-name": "~1.1.4"
      },
      "engines": {
        "node": ">=7.0.0"
      }
    },
    "node_modules/aws-cdk-lib/node_modules/color-name": {
      "version": "1.1.4",
      "inBundle": true,
      "license": "MIT"
    },
    "node_modules/aws-cdk-lib/node_modules/concat-map": {
      "version": "0.0.1",
      "inBundle": true,
      "license": "MIT"
    },
    "node_modules/aws-cdk-lib/node_modules/emoji-regex": {
      "version": "8.0.0",
      "inBundle": true,
      "license": "MIT"
    },
    "node_modules/aws-cdk-lib/node_modules/fast-deep-equal": {
      "version": "3.1.3",
      "inBundle": true,
      "license": "MIT"
    },
    "node_modules/aws-cdk-lib/node_modules/fast-uri": {
      "version": "3.0.6",
      "funding": [
        {
          "type": "github",
          "url": "https://github.com/sponsors/fastify"
        },
        {
          "type": "opencollective",
          "url": "https://opencollective.com/fastify"
        }
      ],
      "inBundle": true,
      "license": "BSD-3-Clause"
    },
    "node_modules/aws-cdk-lib/node_modules/fs-extra": {
      "version": "11.3.0",
      "inBundle": true,
      "license": "MIT",
      "dependencies": {
        "graceful-fs": "^4.2.0",
        "jsonfile": "^6.0.1",
        "universalify": "^2.0.0"
      },
      "engines": {
        "node": ">=14.14"
      }
    },
    "node_modules/aws-cdk-lib/node_modules/graceful-fs": {
      "version": "4.2.11",
      "inBundle": true,
      "license": "ISC"
    },
    "node_modules/aws-cdk-lib/node_modules/ignore": {
      "version": "5.3.2",
      "inBundle": true,
      "license": "MIT",
      "engines": {
        "node": ">= 4"
      }
    },
    "node_modules/aws-cdk-lib/node_modules/is-fullwidth-code-point": {
      "version": "3.0.0",
      "inBundle": true,
      "license": "MIT",
      "engines": {
        "node": ">=8"
      }
    },
    "node_modules/aws-cdk-lib/node_modules/json-schema-traverse": {
      "version": "1.0.0",
      "inBundle": true,
      "license": "MIT"
    },
    "node_modules/aws-cdk-lib/node_modules/jsonfile": {
      "version": "6.1.0",
      "inBundle": true,
      "license": "MIT",
      "dependencies": {
        "universalify": "^2.0.0"
      },
      "optionalDependencies": {
        "graceful-fs": "^4.1.6"
      }
    },
    "node_modules/aws-cdk-lib/node_modules/jsonschema": {
      "version": "1.5.0",
      "inBundle": true,
      "license": "MIT",
      "engines": {
        "node": "*"
      }
    },
    "node_modules/aws-cdk-lib/node_modules/lodash.truncate": {
      "version": "4.4.2",
      "inBundle": true,
      "license": "MIT"
    },
    "node_modules/aws-cdk-lib/node_modules/mime-db": {
      "version": "1.52.0",
      "inBundle": true,
      "license": "MIT",
      "engines": {
        "node": ">= 0.6"
      }
    },
    "node_modules/aws-cdk-lib/node_modules/mime-types": {
      "version": "2.1.35",
      "inBundle": true,
      "license": "MIT",
      "dependencies": {
        "mime-db": "1.52.0"
      },
      "engines": {
        "node": ">= 0.6"
      }
    },
    "node_modules/aws-cdk-lib/node_modules/minimatch": {
      "version": "3.1.2",
      "inBundle": true,
      "license": "ISC",
      "dependencies": {
        "brace-expansion": "^1.1.7"
      },
      "engines": {
        "node": "*"
      }
    },
    "node_modules/aws-cdk-lib/node_modules/punycode": {
      "version": "2.3.1",
      "inBundle": true,
      "license": "MIT",
      "engines": {
        "node": ">=6"
      }
    },
    "node_modules/aws-cdk-lib/node_modules/require-from-string": {
      "version": "2.0.2",
      "inBundle": true,
      "license": "MIT",
      "engines": {
        "node": ">=0.10.0"
      }
    },
    "node_modules/aws-cdk-lib/node_modules/semver": {
      "version": "7.7.2",
      "inBundle": true,
      "license": "ISC",
      "bin": {
        "semver": "bin/semver.js"
      },
      "engines": {
        "node": ">=10"
      }
    },
    "node_modules/aws-cdk-lib/node_modules/slice-ansi": {
      "version": "4.0.0",
      "inBundle": true,
      "license": "MIT",
      "dependencies": {
        "ansi-styles": "^4.0.0",
        "astral-regex": "^2.0.0",
        "is-fullwidth-code-point": "^3.0.0"
      },
      "engines": {
        "node": ">=10"
      },
      "funding": {
        "url": "https://github.com/chalk/slice-ansi?sponsor=1"
      }
    },
    "node_modules/aws-cdk-lib/node_modules/string-width": {
      "version": "4.2.3",
      "inBundle": true,
      "license": "MIT",
      "dependencies": {
        "emoji-regex": "^8.0.0",
        "is-fullwidth-code-point": "^3.0.0",
        "strip-ansi": "^6.0.1"
      },
      "engines": {
        "node": ">=8"
      }
    },
    "node_modules/aws-cdk-lib/node_modules/strip-ansi": {
      "version": "6.0.1",
      "inBundle": true,
      "license": "MIT",
      "dependencies": {
        "ansi-regex": "^5.0.1"
      },
      "engines": {
        "node": ">=8"
      }
    },
    "node_modules/aws-cdk-lib/node_modules/table": {
      "version": "6.9.0",
      "inBundle": true,
      "license": "BSD-3-Clause",
      "dependencies": {
        "ajv": "^8.0.1",
        "lodash.truncate": "^4.4.2",
        "slice-ansi": "^4.0.0",
        "string-width": "^4.2.3",
        "strip-ansi": "^6.0.1"
      },
      "engines": {
        "node": ">=10.0.0"
      }
    },
    "node_modules/aws-cdk-lib/node_modules/universalify": {
      "version": "2.0.1",
      "inBundle": true,
      "license": "MIT",
      "engines": {
        "node": ">= 10.0.0"
      }
    },
    "node_modules/aws-cdk-lib/node_modules/yaml": {
      "version": "1.10.2",
      "inBundle": true,
      "license": "ISC",
      "engines": {
        "node": ">= 6"
      }
    },
    "node_modules/cargo-lambda-cdk": {
      "version": "0.0.33",
      "resolved": "https://registry.npmjs.org/cargo-lambda-cdk/-/cargo-lambda-cdk-0.0.33.tgz",
      "integrity": "sha512-1N9BXaHk/jnESY+YduOqMpoJkd/qiAMqpZbgGDIGzIIz2KIxziWeZx4DWEFNGTZbczRrmryMkcef6PjKO6cE3w==",
      "bundleDependencies": [
        "js-toml"
      ],
      "license": "MIT",
      "dependencies": {
        "js-toml": "^0.1.1"
      },
      "peerDependencies": {
        "aws-cdk-lib": "^2.63.0",
        "constructs": "^10.0.5"
      }
    },
    "node_modules/cargo-lambda-cdk/node_modules/@babel/runtime-corejs3": {
      "version": "7.26.0",
      "inBundle": true,
      "license": "MIT",
      "dependencies": {
        "core-js-pure": "^3.30.2",
        "regenerator-runtime": "^0.14.0"
      },
      "engines": {
        "node": ">=6.9.0"
      }
    },
    "node_modules/cargo-lambda-cdk/node_modules/@chevrotain/cst-dts-gen": {
      "version": "10.5.0",
      "inBundle": true,
      "license": "Apache-2.0",
      "dependencies": {
        "@chevrotain/gast": "10.5.0",
        "@chevrotain/types": "10.5.0",
        "lodash": "4.17.21"
      }
    },
    "node_modules/cargo-lambda-cdk/node_modules/@chevrotain/gast": {
      "version": "10.5.0",
      "inBundle": true,
      "license": "Apache-2.0",
      "dependencies": {
        "@chevrotain/types": "10.5.0",
        "lodash": "4.17.21"
      }
    },
    "node_modules/cargo-lambda-cdk/node_modules/@chevrotain/types": {
      "version": "10.5.0",
      "inBundle": true,
      "license": "Apache-2.0"
    },
    "node_modules/cargo-lambda-cdk/node_modules/@chevrotain/utils": {
      "version": "10.5.0",
      "inBundle": true,
      "license": "Apache-2.0"
    },
    "node_modules/cargo-lambda-cdk/node_modules/chevrotain": {
      "version": "10.5.0",
      "inBundle": true,
      "license": "Apache-2.0",
      "dependencies": {
        "@chevrotain/cst-dts-gen": "10.5.0",
        "@chevrotain/gast": "10.5.0",
        "@chevrotain/types": "10.5.0",
        "@chevrotain/utils": "10.5.0",
        "lodash": "4.17.21",
        "regexp-to-ast": "0.5.0"
      }
    },
    "node_modules/cargo-lambda-cdk/node_modules/core-js-pure": {
      "version": "3.39.0",
      "hasInstallScript": true,
      "inBundle": true,
      "license": "MIT",
      "funding": {
        "type": "opencollective",
        "url": "https://opencollective.com/core-js"
      }
    },
    "node_modules/cargo-lambda-cdk/node_modules/js-toml": {
      "version": "0.1.1",
      "inBundle": true,
      "license": "MIT",
      "dependencies": {
        "chevrotain": "^10.4.1",
        "xregexp": "^5.1.1"
      }
    },
    "node_modules/cargo-lambda-cdk/node_modules/lodash": {
      "version": "4.17.21",
      "inBundle": true,
      "license": "MIT"
    },
    "node_modules/cargo-lambda-cdk/node_modules/regenerator-runtime": {
      "version": "0.14.1",
      "inBundle": true,
      "license": "MIT"
    },
    "node_modules/cargo-lambda-cdk/node_modules/regexp-to-ast": {
      "version": "0.5.0",
      "inBundle": true,
      "license": "MIT"
    },
    "node_modules/cargo-lambda-cdk/node_modules/xregexp": {
      "version": "5.1.1",
      "inBundle": true,
      "license": "MIT",
      "dependencies": {
        "@babel/runtime-corejs3": "^7.16.5"
      }
    },
    "node_modules/constructs": {
      "resolved": "../node_modules/.pnpm/constructs@10.4.2/node_modules/constructs",
      "link": true
    },
    "node_modules/eslint": {
      "resolved": "../node_modules/.pnpm/eslint@9.33.0/node_modules/eslint",
      "link": true
    },
    "node_modules/prettier": {
      "resolved": "../node_modules/.pnpm/prettier@3.6.2/node_modules/prettier",
      "link": true
    },
    "node_modules/typedoc": {
      "resolved": "../node_modules/.pnpm/typedoc@0.28.10_typescript@5.8.3/node_modules/typedoc",
      "link": true
    },
    "node_modules/typedoc-plugin-markdown": {
      "resolved": "../node_modules/.pnpm/typedoc-plugin-markdown@4.8.1_typedoc@0.28.10/node_modules/typedoc-plugin-markdown",
      "link": true
    },
    "node_modules/typescript": {
      "resolved": "../node_modules/.pnpm/typescript@5.8.3/node_modules/typescript",
      "link": true
    },
    "node_modules/typescript-eslint": {
      "resolved": "../node_modules/.pnpm/typescript-eslint@8.39.1_eslint@9.33.0_typescript@5.8.3/node_modules/typescript-eslint",
      "link": true
    },
    "node_modules/wrangler": {
      "resolved": "../node_modules/.pnpm/wrangler@4.28.1/node_modules/wrangler",
      "link": true
    }
  }
}
